
Microsoft Visual Studio Solution File, Format Version 12.00
# Visual Studio 15
Project("{FAE04EC0-301F-11D3-BF4B-00C04F79EFBC}") = "studybuddyv2.Android", "studybuddyv2.Android\studybuddyv2.Android.csproj", "{3E662AD5-9183-471F-894E-334ECACBB45E}"
EndProject
Project("{FAE04EC0-301F-11D3-BF4B-00C04F79EFBC}") = "studybuddyv2", "studybuddyv2\studybuddyv2.csproj", "{8EA9D4CE-A3F5-40C6-A5D2-CBE85EE2EEAA}"
EndProject
Project("{FAE04EC0-301F-11D3-BF4B-00C04F79EFBC}") = "StudybuddiesTestApp", "StudybuddiesTestApp\StudybuddiesTestApp.csproj", "{C39A69FF-5B22-4CFA-A97A-D7CA62C44178}"
EndProject
Global
	GlobalSection(SolutionConfigurationPlatforms) = preSolution
		Debug|Any CPU = Debug|Any CPU
		Release|Any CPU = Release|Any CPU
	EndGlobalSection
	GlobalSection(ProjectConfigurationPlatforms) = postSolution
		{3E662AD5-9183-471F-894E-334ECACBB45E}.Debug|Any CPU.ActiveCfg = Debug|Any CPU
		{3E662AD5-9183-471F-894E-334ECACBB45E}.Debug|Any CPU.Build.0 = Debug|Any CPU
		{3E662AD5-9183-471F-894E-334ECACBB45E}.Release|Any CPU.ActiveCfg = Release|Any CPU
		{3E662AD5-9183-471F-894E-334ECACBB45E}.Release|Any CPU.Build.0 = Release|Any CPU
		{8EA9D4CE-A3F5-40C6-A5D2-CBE85EE2EEAA}.Debug|Any CPU.ActiveCfg = Debug|Any CPU
		{8EA9D4CE-A3F5-40C6-A5D2-CBE85EE2EEAA}.Debug|Any CPU.Build.0 = Debug|Any CPU
		{8EA9D4CE-A3F5-40C6-A5D2-CBE85EE2EEAA}.Release|Any CPU.ActiveCfg = Release|Any CPU
		{8EA9D4CE-A3F5-40C6-A5D2-CBE85EE2EEAA}.Release|Any CPU.Build.0 = Release|Any CPU
		{C39A69FF-5B22-4CFA-A97A-D7CA62C44178}.Debug|Any CPU.ActiveCfg = Debug|Any CPU
		{C39A69FF-5B22-4CFA-A97A-D7CA62C44178}.Debug|Any CPU.Build.0 = Debug|Any CPU
		{C39A69FF-5B22-4CFA-A97A-D7CA62C44178}.Release|Any CPU.ActiveCfg = Release|Any CPU
		{C39A69FF-5B22-4CFA-A97A-D7CA62C44178}.Release|Any CPU.Build.0 = Release|Any CPU
	EndGlobalSection
EndGlobal
